
Microsoft Visual Studio Solution File, Format Version 12.00
# Visual Studio Version 16
VisualStudioVersion = 16.0.29709.97
MinimumVisualStudioVersion = 10.0.40219.1
Project("{8BC9CEB8-8B4A-11D0-8D11-00A0C91BC942}") = "scanner version 2", "scanner version 2\scanner version 2.vcxproj", "{E1AB8450-4604-421E-8B08-D832519C6F7A}"
EndProject
Global
	GlobalSection(SolutionConfigurationPlatforms) = preSolution
		Debug|x64 = Debug|x64
		Debug|x86 = Debug|x86
		Release|x64 = Release|x64
		Release|x86 = Release|x86
	EndGlobalSection
	GlobalSection(ProjectConfigurationPlatforms) = postSolution
		{E1AB8450-4604-421E-8B08-D832519C6F7A}.Debug|x64.ActiveCfg = Debug|x64
		{E1AB8450-4604-421E-8B08-D832519C6F7A}.Debug|x64.Build.0 = Debug|x64
		{E1AB8450-4604-421E-8B08-D832519C6F7A}.Debug|x86.ActiveCfg = Debug|Win32
		{E1AB8450-4604-421E-8B08-D832519C6F7A}.Debug|x86.Build.0 = Debug|Win32
		{E1AB8450-4604-421E-8B08-D832519C6F7A}.Release|x64.ActiveCfg = Release|x64
		{E1AB8450-4604-421E-8B08-D832519C6F7A}.Release|x64.Build.0 = Release|x64
		{E1AB8450-4604-421E-8B08-D832519C6F7A}.Release|x86.ActiveCfg = Release|Win32
		{E1AB8450-4604-421E-8B08-D832519C6F7A}.Release|x86.Build.0 = Release|Win32
	EndGlobalSection
	GlobalSection(SolutionProperties) = preSolution
		HideSolutionNode = FALSE
	EndGlobalSection
	GlobalSection(ExtensibilityGlobals) = postSolution
		SolutionGuid = {2F6EC6A5-B5B0-4B0E-91F6-4BC2A76D55D2}
	EndGlobalSection
EndGlobal
